// !$*UTF8*$!
{
	archiveVersion = 1;
	classes = {
	};
	objectVersion = 50;
	objects = {

/* Begin PBXBuildFile section */
		10B88C520D4516C8A8EF4D46 /* Pods_Parstagram.framework in Frameworks */ = {isa = PBXBuildFile; fileRef = 2381C8A9D46A9DC6F74F1F62 /* Pods_Parstagram.framework */; };
		3F4C9DFFA67B51A82B45AF04 /* Pods_ParstagramTests.framework in Frameworks */ = {isa = PBXBuildFile; fileRef = CF5F922F3CA72F2FEA89B298 /* Pods_ParstagramTests.framework */; };
		6645A5EE225027A100773713 /* CommentCell.swift in Sources */ = {isa = PBXBuildFile; fileRef = 6645A5ED225027A100773713 /* CommentCell.swift */; };
		66957929223F084500957233 /* AppDelegate.swift in Sources */ = {isa = PBXBuildFile; fileRef = 66957928223F084500957233 /* AppDelegate.swift */; };
		6695792E223F084500957233 /* Main.storyboard in Resources */ = {isa = PBXBuildFile; fileRef = 6695792C223F084500957233 /* Main.storyboard */; };
		66957930223F084800957233 /* Assets.xcassets in Resources */ = {isa = PBXBuildFile; fileRef = 6695792F223F084800957233 /* Assets.xcassets */; };
		66957933223F084800957233 /* LaunchScreen.storyboard in Resources */ = {isa = PBXBuildFile; fileRef = 66957931223F084800957233 /* LaunchScreen.storyboard */; };
		6695793E223F084800957233 /* ParstagramTests.swift in Sources */ = {isa = PBXBuildFile; fileRef = 6695793D223F084800957233 /* ParstagramTests.swift */; };
		66957949223F084800957233 /* ParstagramUITests.swift in Sources */ = {isa = PBXBuildFile; fileRef = 66957948223F084800957233 /* ParstagramUITests.swift */; };
		66A46DE9224432F200F5EAEE /* PostCell.swift in Sources */ = {isa = PBXBuildFile; fileRef = 66A46DE8224432F200F5EAEE /* PostCell.swift */; };
		66B7F15C223F5A76006C0A39 /* FeedViewController.swift in Sources */ = {isa = PBXBuildFile; fileRef = 66B7F15B223F5A76006C0A39 /* FeedViewController.swift */; };
		66B7F15E223F5A7A006C0A39 /* LoginViewController.swift in Sources */ = {isa = PBXBuildFile; fileRef = 66B7F15D223F5A7A006C0A39 /* LoginViewController.swift */; };
		66B7F160223F623A006C0A39 /* CameraViewController.swift in Sources */ = {isa = PBXBuildFile; fileRef = 66B7F15F223F623A006C0A39 /* CameraViewController.swift */; };
		C472DCD2D7C4B19E1D60F970 /* Pods_ParstagramUITests.framework in Frameworks */ = {isa = PBXBuildFile; fileRef = 89D765D0DA25A27A38391CF4 /* Pods_ParstagramUITests.framework */; };
/* End PBXBuildFile section */

/* Begin PBXContainerItemProxy section */
		6695793A223F084800957233 /* PBXContainerItemProxy */ = {
			isa = PBXContainerItemProxy;
			containerPortal = 6695791D223F084500957233 /* Project object */;
			proxyType = 1;
			remoteGlobalIDString = 66957924223F084500957233;
			remoteInfo = Parstagram;
		};
		66957945223F084800957233 /* PBXContainerItemProxy */ = {
			isa = PBXContainerItemProxy;
			containerPortal = 6695791D223F084500957233 /* Project object */;
			proxyType = 1;
			remoteGlobalIDString = 66957924223F084500957233;
			remoteInfo = Parstagram;
		};
/* End PBXContainerItemProxy section */

/* Begin PBXFileReference section */
		10B5EFB65D4099BF9A9E1A2C /* Pods-Parstagram.debug.xcconfig */ = {isa = PBXFileReference; includeInIndex = 1; lastKnownFileType = text.xcconfig; name = "Pods-Parstagram.debug.xcconfig"; path = "Target Support Files/Pods-Parstagram/Pods-Parstagram.debug.xcconfig"; sourceTree = "<group>"; };
		2381C8A9D46A9DC6F74F1F62 /* Pods_Parstagram.framework */ = {isa = PBXFileReference; explicitFileType = wrapper.framework; includeInIndex = 0; path = Pods_Parstagram.framework; sourceTree = BUILT_PRODUCTS_DIR; };
		28166B9D854AD7262F07AE8E /* Pods-ParstagramUITests.debug.xcconfig */ = {isa = PBXFileReference; includeInIndex = 1; lastKnownFileType = text.xcconfig; name = "Pods-ParstagramUITests.debug.xcconfig"; path = "Target Support Files/Pods-ParstagramUITests/Pods-ParstagramUITests.debug.xcconfig"; sourceTree = "<group>"; };
		6645A5ED225027A100773713 /* CommentCell.swift */ = {isa = PBXFileReference; lastKnownFileType = sourcecode.swift; path = CommentCell.swift; sourceTree = "<group>"; };
		66957925223F084500957233 /* Parstagram.app */ = {isa = PBXFileReference; explicitFileType = wrapper.application; includeInIndex = 0; path = Parstagram.app; sourceTree = BUILT_PRODUCTS_DIR; };
		66957928223F084500957233 /* AppDelegate.swift */ = {isa = PBXFileReference; lastKnownFileType = sourcecode.swift; path = AppDelegate.swift; sourceTree = "<group>"; };
		6695792D223F084500957233 /* Base */ = {isa = PBXFileReference; lastKnownFileType = file.storyboard; name = Base; path = Base.lproj/Main.storyboard; sourceTree = "<group>"; };
		6695792F223F084800957233 /* Assets.xcassets */ = {isa = PBXFileReference; lastKnownFileType = folder.assetcatalog; path = Assets.xcassets; sourceTree = "<group>"; };
		66957932223F084800957233 /* Base */ = {isa = PBXFileReference; lastKnownFileType = file.storyboard; name = Base; path = Base.lproj/LaunchScreen.storyboard; sourceTree = "<group>"; };
		66957934223F084800957233 /* Info.plist */ = {isa = PBXFileReference; lastKnownFileType = text.plist.xml; path = Info.plist; sourceTree = "<group>"; };
		66957939223F084800957233 /* ParstagramTests.xctest */ = {isa = PBXFileReference; explicitFileType = wrapper.cfbundle; includeInIndex = 0; path = ParstagramTests.xctest; sourceTree = BUILT_PRODUCTS_DIR; };
		6695793D223F084800957233 /* ParstagramTests.swift */ = {isa = PBXFileReference; lastKnownFileType = sourcecode.swift; path = ParstagramTests.swift; sourceTree = "<group>"; };
		6695793F223F084800957233 /* Info.plist */ = {isa = PBXFileReference; lastKnownFileType = text.plist.xml; path = Info.plist; sourceTree = "<group>"; };
		66957944223F084800957233 /* ParstagramUITests.xctest */ = {isa = PBXFileReference; explicitFileType = wrapper.cfbundle; includeInIndex = 0; path = ParstagramUITests.xctest; sourceTree = BUILT_PRODUCTS_DIR; };
		66957948223F084800957233 /* ParstagramUITests.swift */ = {isa = PBXFileReference; lastKnownFileType = sourcecode.swift; path = ParstagramUITests.swift; sourceTree = "<group>"; };
		6695794A223F084800957233 /* Info.plist */ = {isa = PBXFileReference; lastKnownFileType = text.plist.xml; path = Info.plist; sourceTree = "<group>"; };
		66A46DE8224432F200F5EAEE /* PostCell.swift */ = {isa = PBXFileReference; lastKnownFileType = sourcecode.swift; path = PostCell.swift; sourceTree = "<group>"; };
		66B7F15B223F5A76006C0A39 /* FeedViewController.swift */ = {isa = PBXFileReference; lastKnownFileType = sourcecode.swift; name = FeedViewController.swift; path = /Users/wangjunqian/Desktop/iOS/Parstagram/Parstagram/FeedViewController.swift; sourceTree = "<absolute>"; };
		66B7F15D223F5A7A006C0A39 /* LoginViewController.swift */ = {isa = PBXFileReference; lastKnownFileType = sourcecode.swift; name = LoginViewController.swift; path = /Users/wangjunqian/Desktop/iOS/Parstagram/Parstagram/LoginViewController.swift; sourceTree = "<absolute>"; };
		66B7F15F223F623A006C0A39 /* CameraViewController.swift */ = {isa = PBXFileReference; lastKnownFileType = sourcecode.swift; path = CameraViewController.swift; sourceTree = "<group>"; };
		7A3920A6982EFACDC84FAF3C /* Pods-ParstagramTests.debug.xcconfig */ = {isa = PBXFileReference; includeInIndex = 1; lastKnownFileType = text.xcconfig; name = "Pods-ParstagramTests.debug.xcconfig"; path = "Target Support Files/Pods-ParstagramTests/Pods-ParstagramTests.debug.xcconfig"; sourceTree = "<group>"; };
		89D765D0DA25A27A38391CF4 /* Pods_ParstagramUITests.framework */ = {isa = PBXFileReference; explicitFileType = wrapper.framework; includeInIndex = 0; path = Pods_ParstagramUITests.framework; sourceTree = BUILT_PRODUCTS_DIR; };
		8BF0EE4AE4E3F58F4BF9D171 /* Pods-ParstagramUITests.release.xcconfig */ = {isa = PBXFileReference; includeInIndex = 1; lastKnownFileType = text.xcconfig; name = "Pods-ParstagramUITests.release.xcconfig"; path = "Target Support Files/Pods-ParstagramUITests/Pods-ParstagramUITests.release.xcconfig"; sourceTree = "<group>"; };
		8C6BF2BE1CBD28A9822B3829 /* Pods-Parstagram.release.xcconfig */ = {isa = PBXFileReference; includeInIndex = 1; lastKnownFileType = text.xcconfig; name = "Pods-Parstagram.release.xcconfig"; path = "Target Support Files/Pods-Parstagram/Pods-Parstagram.release.xcconfig"; sourceTree = "<group>"; };
		C241F8C2FEC9564F0019C00D /* Pods-ParstagramTests.release.xcconfig */ = {isa = PBXFileReference; includeInIndex = 1; lastKnownFileType = text.xcconfig; name = "Pods-ParstagramTests.release.xcconfig"; path = "Target Support Files/Pods-ParstagramTests/Pods-ParstagramTests.release.xcconfig"; sourceTree = "<group>"; };
		CF5F922F3CA72F2FEA89B298 /* Pods_ParstagramTests.framework */ = {isa = PBXFileReference; explicitFileType = wrapper.framework; includeInIndex = 0; path = Pods_ParstagramTests.framework; sourceTree = BUILT_PRODUCTS_DIR; };
/* End PBXFileReference section */

/* Begin PBXFrameworksBuildPhase section */
		66957922223F084500957233 /* Frameworks */ = {
			isa = PBXFrameworksBuildPhase;
			buildActionMask = 2147483647;
			files = (
				10B88C520D4516C8A8EF4D46 /* Pods_Parstagram.framework in Frameworks */,
			);
			runOnlyForDeploymentPostprocessing = 0;
		};
		66957936223F084800957233 /* Frameworks */ = {
			isa = PBXFrameworksBuildPhase;
			buildActionMask = 2147483647;
			files = (
				3F4C9DFFA67B51A82B45AF04 /* Pods_ParstagramTests.framework in Frameworks */,
			);
			runOnlyForDeploymentPostprocessing = 0;
		};
		66957941223F084800957233 /* Frameworks */ = {
			isa = PBXFrameworksBuildPhase;
			buildActionMask = 2147483647;
			files = (
				C472DCD2D7C4B19E1D60F970 /* Pods_ParstagramUITests.framework in Frameworks */,
			);
			runOnlyForDeploymentPostprocessing = 0;
		};
/* End PBXFrameworksBuildPhase section */

/* Begin PBXGroup section */
		39E37D3E5249F77DB8344345 /* Pods */ = {
			isa = PBXGroup;
			children = (
				10B5EFB65D4099BF9A9E1A2C /* Pods-Parstagram.debug.xcconfig */,
				8C6BF2BE1CBD28A9822B3829 /* Pods-Parstagram.release.xcconfig */,
				7A3920A6982EFACDC84FAF3C /* Pods-ParstagramTests.debug.xcconfig */,
				C241F8C2FEC9564F0019C00D /* Pods-ParstagramTests.release.xcconfig */,
				28166B9D854AD7262F07AE8E /* Pods-ParstagramUITests.debug.xcconfig */,
				8BF0EE4AE4E3F58F4BF9D171 /* Pods-ParstagramUITests.release.xcconfig */,
			);
			path = Pods;
			sourceTree = "<group>";
		};
		6695791C223F084500957233 = {
			isa = PBXGroup;
			children = (
				66957927223F084500957233 /* Parstagram */,
				6695793C223F084800957233 /* ParstagramTests */,
				66957947223F084800957233 /* ParstagramUITests */,
				66957926223F084500957233 /* Products */,
				39E37D3E5249F77DB8344345 /* Pods */,
				F7AE550489434CD249B2C225 /* Frameworks */,
			);
			sourceTree = "<group>";
		};
		66957926223F084500957233 /* Products */ = {
			isa = PBXGroup;
			children = (
				66957925223F084500957233 /* Parstagram.app */,
				66957939223F084800957233 /* ParstagramTests.xctest */,
				66957944223F084800957233 /* ParstagramUITests.xctest */,
			);
			name = Products;
			sourceTree = "<group>";
		};
		66957927223F084500957233 /* Parstagram */ = {
			isa = PBXGroup;
			children = (
				66957928223F084500957233 /* AppDelegate.swift */,
				6695792C223F084500957233 /* Main.storyboard */,
				6645A5ED225027A100773713 /* CommentCell.swift */,
				66A46DE8224432F200F5EAEE /* PostCell.swift */,
				66B7F15F223F623A006C0A39 /* CameraViewController.swift */,
				66B7F15D223F5A7A006C0A39 /* LoginViewController.swift */,
				66B7F15B223F5A76006C0A39 /* FeedViewController.swift */,
				6695792F223F084800957233 /* Assets.xcassets */,
				66957931223F084800957233 /* LaunchScreen.storyboard */,
				66957934223F084800957233 /* Info.plist */,
			);
			path = Parstagram;
			sourceTree = "<group>";
		};
		6695793C223F084800957233 /* ParstagramTests */ = {
			isa = PBXGroup;
			children = (
				6695793D223F084800957233 /* ParstagramTests.swift */,
				6695793F223F084800957233 /* Info.plist */,
			);
			path = ParstagramTests;
			sourceTree = "<group>";
		};
		66957947223F084800957233 /* ParstagramUITests */ = {
			isa = PBXGroup;
			children = (
				66957948223F084800957233 /* ParstagramUITests.swift */,
				6695794A223F084800957233 /* Info.plist */,
			);
			path = ParstagramUITests;
			sourceTree = "<group>";
		};
		F7AE550489434CD249B2C225 /* Frameworks */ = {
			isa = PBXGroup;
			children = (
				2381C8A9D46A9DC6F74F1F62 /* Pods_Parstagram.framework */,
				CF5F922F3CA72F2FEA89B298 /* Pods_ParstagramTests.framework */,
				89D765D0DA25A27A38391CF4 /* Pods_ParstagramUITests.framework */,
			);
			name = Frameworks;
			sourceTree = "<group>";
		};
/* End PBXGroup section */

/* Begin PBXNativeTarget section */
		66957924223F084500957233 /* Parstagram */ = {
			isa = PBXNativeTarget;
			buildConfigurationList = 6695794D223F084800957233 /* Build configuration list for PBXNativeTarget "Parstagram" */;
			buildPhases = (
				B4192A5F39E0C821816CA6F8 /* [CP] Check Pods Manifest.lock */,
				66957921223F084500957233 /* Sources */,
				66957922223F084500957233 /* Frameworks */,
				66957923223F084500957233 /* Resources */,
				EE68F6592914383EC277E51E /* [CP] Embed Pods Frameworks */,
			);
			buildRules = (
			);
			dependencies = (
			);
			name = Parstagram;
			productName = Parstagram;
			productReference = 66957925223F084500957233 /* Parstagram.app */;
			productType = "com.apple.product-type.application";
		};
		66957938223F084800957233 /* ParstagramTests */ = {
			isa = PBXNativeTarget;
			buildConfigurationList = 66957950223F084800957233 /* Build configuration list for PBXNativeTarget "ParstagramTests" */;
			buildPhases = (
				11C712C4B3A1F69C38BD9F2B /* [CP] Check Pods Manifest.lock */,
				66957935223F084800957233 /* Sources */,
				66957936223F084800957233 /* Frameworks */,
				66957937223F084800957233 /* Resources */,
			);
			buildRules = (
			);
			dependencies = (
				6695793B223F084800957233 /* PBXTargetDependency */,
			);
			name = ParstagramTests;
			productName = ParstagramTests;
			productReference = 66957939223F084800957233 /* ParstagramTests.xctest */;
			productType = "com.apple.product-type.bundle.unit-test";
		};
		66957943223F084800957233 /* ParstagramUITests */ = {
			isa = PBXNativeTarget;
			buildConfigurationList = 66957953223F084800957233 /* Build configuration list for PBXNativeTarget "ParstagramUITests" */;
			buildPhases = (
				0328FE08EBBDA5382A348B52 /* [CP] Check Pods Manifest.lock */,
				66957940223F084800957233 /* Sources */,
				66957941223F084800957233 /* Frameworks */,
				66957942223F084800957233 /* Resources */,
			);
			buildRules = (
			);
			dependencies = (
				66957946223F084800957233 /* PBXTargetDependency */,
			);
			name = ParstagramUITests;
			productName = ParstagramUITests;
			productReference = 66957944223F084800957233 /* ParstagramUITests.xctest */;
			productType = "com.apple.product-type.bundle.ui-testing";
		};
/* End PBXNativeTarget section */

/* Begin PBXProject section */
		6695791D223F084500957233 /* Project object */ = {
			isa = PBXProject;
			attributes = {
				LastSwiftUpdateCheck = 1010;
				LastUpgradeCheck = 1010;
				ORGANIZATIONNAME = "Jenny Li";
				TargetAttributes = {
					66957924223F084500957233 = {
						CreatedOnToolsVersion = 10.1;
					};
					66957938223F084800957233 = {
						CreatedOnToolsVersion = 10.1;
						TestTargetID = 66957924223F084500957233;
					};
					66957943223F084800957233 = {
						CreatedOnToolsVersion = 10.1;
						TestTargetID = 66957924223F084500957233;
					};
				};
			};
			buildConfigurationList = 66957920223F084500957233 /* Build configuration list for PBXProject "Parstagram" */;
			compatibilityVersion = "Xcode 9.3";
			developmentRegion = en;
			hasScannedForEncodings = 0;
			knownRegions = (
				en,
				Base,
			);
			mainGroup = 6695791C223F084500957233;
			productRefGroup = 66957926223F084500957233 /* Products */;
			projectDirPath = "";
			projectRoot = "";
			targets = (
				66957924223F084500957233 /* Parstagram */,
				66957938223F084800957233 /* ParstagramTests */,
				66957943223F084800957233 /* ParstagramUITests */,
			);
		};
/* End PBXProject section */

/* Begin PBXResourcesBuildPhase section */
		66957923223F084500957233 /* Resources */ = {
			isa = PBXResourcesBuildPhase;
			buildActionMask = 2147483647;
			files = (
				66957933223F084800957233 /* LaunchScreen.storyboard in Resources */,
				66957930223F084800957233 /* Assets.xcassets in Resources */,
				6695792E223F084500957233 /* Main.storyboard in Resources */,
			);
			runOnlyForDeploymentPostprocessing = 0;
		};
		66957937223F084800957233 /* Resources */ = {
			isa = PBXResourcesBuildPhase;
			buildActionMask = 2147483647;
			files = (
			);
			runOnlyForDeploymentPostprocessing = 0;
		};
		66957942223F084800957233 /* Resources */ = {
			isa = PBXResourcesBuildPhase;
			buildActionMask = 2147483647;
			files = (
			);
			runOnlyForDeploymentPostprocessing = 0;
		};
/* End PBXResourcesBuildPhase section */

/* Begin PBXShellScriptBuildPhase section */
		0328FE08EBBDA5382A348B52 /* [CP] Check Pods Manifest.lock */ = {
			isa = PBXShellScriptBuildPhase;
			buildActionMask = 2147483647;
			files = (
			);
			inputFileListPaths = (
			);
			inputPaths = (
				"${PODS_PODFILE_DIR_PATH}/Podfile.lock",
				"${PODS_ROOT}/Manifest.lock",
			);
			name = "[CP] Check Pods Manifest.lock";
			outputFileListPaths = (
			);
			outputPaths = (
				"$(DERIVED_FILE_DIR)/Pods-ParstagramUITests-checkManifestLockResult.txt",
			);
			runOnlyForDeploymentPostprocessing = 0;
			shellPath = /bin/sh;
			shellScript = "diff \"${PODS_PODFILE_DIR_PATH}/Podfile.lock\" \"${PODS_ROOT}/Manifest.lock\" > /dev/null\nif [ $? != 0 ] ; then\n    # print error to STDERR\n    echo \"error: The sandbox is not in sync with the Podfile.lock. Run 'pod install' or update your CocoaPods installation.\" >&2\n    exit 1\nfi\n# This output is used by Xcode 'outputs' to avoid re-running this script phase.\necho \"SUCCESS\" > \"${SCRIPT_OUTPUT_FILE_0}\"\n";
			showEnvVarsInLog = 0;
		};
		11C712C4B3A1F69C38BD9F2B /* [CP] Check Pods Manifest.lock */ = {
			isa = PBXShellScriptBuildPhase;
			buildActionMask = 2147483647;
			files = (
			);
			inputFileListPaths = (
			);
			inputPaths = (
				"${PODS_PODFILE_DIR_PATH}/Podfile.lock",
				"${PODS_ROOT}/Manifest.lock",
			);
			name = "[CP] Check Pods Manifest.lock";
			outputFileListPaths = (
			);
			outputPaths = (
				"$(DERIVED_FILE_DIR)/Pods-ParstagramTests-checkManifestLockResult.txt",
			);
			runOnlyForDeploymentPostprocessing = 0;
			shellPath = /bin/sh;
			shellScript = "diff \"${PODS_PODFILE_DIR_PATH}/Podfile.lock\" \"${PODS_ROOT}/Manifest.lock\" > /dev/null\nif [ $? != 0 ] ; then\n    # print error to STDERR\n    echo \"error: The sandbox is not in sync with the Podfile.lock. Run 'pod install' or update your CocoaPods installation.\" >&2\n    exit 1\nfi\n# This output is used by Xcode 'outputs' to avoid re-running this script phase.\necho \"SUCCESS\" > \"${SCRIPT_OUTPUT_FILE_0}\"\n";
			showEnvVarsInLog = 0;
		};
		B4192A5F39E0C821816CA6F8 /* [CP] Check Pods Manifest.lock */ = {
			isa = PBXShellScriptBuildPhase;
			buildActionMask = 2147483647;
			files = (
			);
			inputFileListPaths = (
			);
			inputPaths = (
				"${PODS_PODFILE_DIR_PATH}/Podfile.lock",
				"${PODS_ROOT}/Manifest.lock",
			);
			name = "[CP] Check Pods Manifest.lock";
			outputFileListPaths = (
			);
			outputPaths = (
				"$(DERIVED_FILE_DIR)/Pods-Parstagram-checkManifestLockResult.txt",
			);
			runOnlyForDeploymentPostprocessing = 0;
			shellPath = /bin/sh;
			shellScript = "diff \"${PODS_PODFILE_DIR_PATH}/Podfile.lock\" \"${PODS_ROOT}/Manifest.lock\" > /dev/null\nif [ $? != 0 ] ; then\n    # print error to STDERR\n    echo \"error: The sandbox is not in sync with the Podfile.lock. Run 'pod install' or update your CocoaPods installation.\" >&2\n    exit 1\nfi\n# This output is used by Xcode 'outputs' to avoid re-running this script phase.\necho \"SUCCESS\" > \"${SCRIPT_OUTPUT_FILE_0}\"\n";
			showEnvVarsInLog = 0;
		};
		EE68F6592914383EC277E51E /* [CP] Embed Pods Frameworks */ = {
			isa = PBXShellScriptBuildPhase;
			buildActionMask = 2147483647;
			files = (
			);
			inputFileListPaths = (
			);
			inputPaths = (
				"${PODS_ROOT}/Target Support Files/Pods-Parstagram/Pods-Parstagram-frameworks.sh",
				"${BUILT_PRODUCTS_DIR}/Alamofire/Alamofire.framework",
				"${BUILT_PRODUCTS_DIR}/AlamofireImage/AlamofireImage.framework",
				"${BUILT_PRODUCTS_DIR}/Bolts/Bolts.framework",
				"${BUILT_PRODUCTS_DIR}/MessageInputBar/MessageInputBar.framework",
				"${BUILT_PRODUCTS_DIR}/Parse/Parse.framework",
			);
			name = "[CP] Embed Pods Frameworks";
			outputFileListPaths = (
			);
			outputPaths = (
				"${TARGET_BUILD_DIR}/${FRAMEWORKS_FOLDER_PATH}/Alamofire.framework",
				"${TARGET_BUILD_DIR}/${FRAMEWORKS_FOLDER_PATH}/AlamofireImage.framework",
				"${TARGET_BUILD_DIR}/${FRAMEWORKS_FOLDER_PATH}/Bolts.framework",
				"${TARGET_BUILD_DIR}/${FRAMEWORKS_FOLDER_PATH}/MessageInputBar.framework",
				"${TARGET_BUILD_DIR}/${FRAMEWORKS_FOLDER_PATH}/Parse.framework",
			);
			runOnlyForDeploymentPostprocessing = 0;
			shellPath = /bin/sh;
			shellScript = "\"${PODS_ROOT}/Target Support Files/Pods-Parstagram/Pods-Parstagram-frameworks.sh\"\n";
			showEnvVarsInLog = 0;
		};
/* End PBXShellScriptBuildPhase section */

/* Begin PBXSourcesBuildPhase section */
		66957921223F084500957233 /* Sources */ = {
			isa = PBXSourcesBuildPhase;
			buildActionMask = 2147483647;
			files = (
				66B7F15E223F5A7A006C0A39 /* LoginViewController.swift in Sources */,
				66B7F160223F623A006C0A39 /* CameraViewController.swift in Sources */,
				66B7F15C223F5A76006C0A39 /* FeedViewController.swift in Sources */,
				66957929223F084500957233 /* AppDelegate.swift in Sources */,
				66A46DE9224432F200F5EAEE /* PostCell.swift in Sources */,
				6645A5EE225027A100773713 /* CommentCell.swift in Sources */,
			);
			runOnlyForDeploymentPostprocessing = 0;
		};
		66957935223F084800957233 /* Sources */ = {
			isa = PBXSourcesBuildPhase;
			buildActionMask = 2147483647;
			files = (
				6695793E223F084800957233 /* ParstagramTests.swift in Sources */,
			);
			runOnlyForDeploymentPostprocessing = 0;
		};
		66957940223F084800957233 /* Sources */ = {
			isa = PBXSourcesBuildPhase;
			buildActionMask = 2147483647;
			files = (
				66957949223F084800957233 /* ParstagramUITests.swift in Sources */,
			);
			runOnlyForDeploymentPostprocessing = 0;
		};
/* End PBXSourcesBuildPhase section */

/* Begin PBXTargetDependency section */
		6695793B223F084800957233 /* PBXTargetDependency */ = {
			isa = PBXTargetDependency;
			target = 66957924223F084500957233 /* Parstagram */;
			targetProxy = 6695793A223F084800957233 /* PBXContainerItemProxy */;
		};
		66957946223F084800957233 /* PBXTargetDependency */ = {
			isa = PBXTargetDependency;
			target = 66957924223F084500957233 /* Parstagram */;
			targetProxy = 66957945223F084800957233 /* PBXContainerItemProxy */;
		};
/* End PBXTargetDependency section */

/* Begin PBXVariantGroup section */
		6695792C223F084500957233 /* Main.storyboard */ = {
			isa = PBXVariantGroup;
			children = (
				6695792D223F084500957233 /* Base */,
			);
			name = Main.storyboard;
			sourceTree = "<group>";
		};
		66957931223F084800957233 /* LaunchScreen.storyboard */ = {
			isa = PBXVariantGroup;
			children = (
				66957932223F084800957233 /* Base */,
			);
			name = LaunchScreen.storyboard;
			sourceTree = "<group>";
		};
/* End PBXVariantGroup section */

/* Begin XCBuildConfiguration section */
		6695794B223F084800957233 /* Debug */ = {
			isa = XCBuildConfiguration;
			buildSettings = {
				ALWAYS_SEARCH_USER_PATHS = NO;
				CLANG_ANALYZER_NONNULL = YES;
				CLANG_ANALYZER_NUMBER_OBJECT_CONVERSION = YES_AGGRESSIVE;
				CLANG_CXX_LANGUAGE_STANDARD = "gnu++14";
				CLANG_CXX_LIBRARY = "libc++";
				CLANG_ENABLE_MODULES = YES;
				CLANG_ENABLE_OBJC_ARC = YES;
				CLANG_ENABLE_OBJC_WEAK = YES;
				CLANG_WARN_BLOCK_CAPTURE_AUTORELEASING = YES;
				CLANG_WARN_BOOL_CONVERSION = YES;
				CLANG_WARN_COMMA = YES;
				CLANG_WARN_CONSTANT_CONVERSION = YES;
				CLANG_WARN_DEPRECATED_OBJC_IMPLEMENTATIONS = YES;
				CLANG_WARN_DIRECT_OBJC_ISA_USAGE = YES_ERROR;
				CLANG_WARN_DOCUMENTATION_COMMENTS = YES;
				CLANG_WARN_EMPTY_BODY = YES;
				CLANG_WARN_ENUM_CONVERSION = YES;
				CLANG_WARN_INFINITE_RECURSION = YES;
				CLANG_WARN_INT_CONVERSION = YES;
				CLANG_WARN_NON_LITERAL_NULL_CONVERSION = YES;
				CLANG_WARN_OBJC_IMPLICIT_RETAIN_SELF = YES;
				CLANG_WARN_OBJC_LITERAL_CONVERSION = YES;
				CLANG_WARN_OBJC_ROOT_CLASS = YES_ERROR;
				CLANG_WARN_RANGE_LOOP_ANALYSIS = YES;
				CLANG_WARN_STRICT_PROTOTYPES = YES;
				CLANG_WARN_SUSPICIOUS_MOVE = YES;
				CLANG_WARN_UNGUARDED_AVAILABILITY = YES_AGGRESSIVE;
				CLANG_WARN_UNREACHABLE_CODE = YES;
				CLANG_WARN__DUPLICATE_METHOD_MATCH = YES;
				CODE_SIGN_IDENTITY = "iPhone Developer";
				COPY_PHASE_STRIP = NO;
				DEBUG_INFORMATION_FORMAT = dwarf;
				ENABLE_STRICT_OBJC_MSGSEND = YES;
				ENABLE_TESTABILITY = YES;
				GCC_C_LANGUAGE_STANDARD = gnu11;
				GCC_DYNAMIC_NO_PIC = NO;
				GCC_NO_COMMON_BLOCKS = YES;
				GCC_OPTIMIZATION_LEVEL = 0;
				GCC_PREPROCESSOR_DEFINITIONS = (
					"DEBUG=1",
					"$(inherited)",
				);
				GCC_WARN_64_TO_32_BIT_CONVERSION = YES;
				GCC_WARN_ABOUT_RETURN_TYPE = YES_ERROR;
				GCC_WARN_UNDECLARED_SELECTOR = YES;
				GCC_WARN_UNINITIALIZED_AUTOS = YES_AGGRESSIVE;
				GCC_WARN_UNUSED_FUNCTION = YES;
				GCC_WARN_UNUSED_VARIABLE = YES;
				IPHONEOS_DEPLOYMENT_TARGET = 12.1;
				MTL_ENABLE_DEBUG_INFO = INCLUDE_SOURCE;
				MTL_FAST_MATH = YES;
				ONLY_ACTIVE_ARCH = YES;
				SDKROOT = iphoneos;
				SWIFT_ACTIVE_COMPILATION_CONDITIONS = DEBUG;
				SWIFT_OPTIMIZATION_LEVEL = "-Onone";
			};
			name = Debug;
		};
		6695794C223F084800957233 /* Release */ = {
			isa = XCBuildConfiguration;
			buildSettings = {
				ALWAYS_SEARCH_USER_PATHS = NO;
				CLANG_ANALYZER_NONNULL = YES;
				CLANG_ANALYZER_NUMBER_OBJECT_CONVERSION = YES_AGGRESSIVE;
				CLANG_CXX_LANGUAGE_STANDARD = "gnu++14";
				CLANG_CXX_LIBRARY = "libc++";
				CLANG_ENABLE_MODULES = YES;
				CLANG_ENABLE_OBJC_ARC = YES;
				CLANG_ENABLE_OBJC_WEAK = YES;
				CLANG_WARN_BLOCK_CAPTURE_AUTORELEASING = YES;
				CLANG_WARN_BOOL_CONVERSION = YES;
				CLANG_WARN_COMMA = YES;
				CLANG_WARN_CONSTANT_CONVERSION = YES;
				CLANG_WARN_DEPRECATED_OBJC_IMPLEMENTATIONS = YES;
				CLANG_WARN_DIRECT_OBJC_ISA_USAGE = YES_ERROR;
				CLANG_WARN_DOCUMENTATION_COMMENTS = YES;
				CLANG_WARN_EMPTY_BODY = YES;
				CLANG_WARN_ENUM_CONVERSION = YES;
				CLANG_WARN_INFINITE_RECURSION = YES;
				CLANG_WARN_INT_CONVERSION = YES;
				CLANG_WARN_NON_LITERAL_NULL_CONVERSION = YES;
				CLANG_WARN_OBJC_IMPLICIT_RETAIN_SELF = YES;
				CLANG_WARN_OBJC_LITERAL_CONVERSION = YES;
				CLANG_WARN_OBJC_ROOT_CLASS = YES_ERROR;
				CLANG_WARN_RANGE_LOOP_ANALYSIS = YES;
				CLANG_WARN_STRICT_PROTOTYPES = YES;
				CLANG_WARN_SUSPICIOUS_MOVE = YES;
				CLANG_WARN_UNGUARDED_AVAILABILITY = YES_AGGRESSIVE;
				CLANG_WARN_UNREACHABLE_CODE = YES;
				CLANG_WARN__DUPLICATE_METHOD_MATCH = YES;
				CODE_SIGN_IDENTITY = "iPhone Developer";
				COPY_PHASE_STRIP = NO;
				DEBUG_INFORMATION_FORMAT = "dwarf-with-dsym";
				ENABLE_NS_ASSERTIONS = NO;
				ENABLE_STRICT_OBJC_MSGSEND = YES;
				GCC_C_LANGUAGE_STANDARD = gnu11;
				GCC_NO_COMMON_BLOCKS = YES;
				GCC_WARN_64_TO_32_BIT_CONVERSION = YES;
				GCC_WARN_ABOUT_RETURN_TYPE = YES_ERROR;
				GCC_WARN_UNDECLARED_SELECTOR = YES;
				GCC_WARN_UNINITIALIZED_AUTOS = YES_AGGRESSIVE;
				GCC_WARN_UNUSED_FUNCTION = YES;
				GCC_WARN_UNUSED_VARIABLE = YES;
				IPHONEOS_DEPLOYMENT_TARGET = 12.1;
				MTL_ENABLE_DEBUG_INFO = NO;
				MTL_FAST_MATH = YES;
				SDKROOT = iphoneos;
				SWIFT_COMPILATION_MODE = wholemodule;
				SWIFT_OPTIMIZATION_LEVEL = "-O";
				VALIDATE_PRODUCT = YES;
			};
			name = Release;
		};
		6695794E223F084800957233 /* Debug */ = {
			isa = XCBuildConfiguration;
			baseConfigurationReference = 10B5EFB65D4099BF9A9E1A2C /* Pods-Parstagram.debug.xcconfig */;
			buildSettings = {
				ASSETCATALOG_COMPILER_APPICON_NAME = AppIcon;
				CODE_SIGN_STYLE = Automatic;
				DEVELOPMENT_TEAM = C4CWCQD2SD;
				INFOPLIST_FILE = Parstagram/Info.plist;
				LD_RUNPATH_SEARCH_PATHS = (
					"$(inherited)",
					"@executable_path/Frameworks",
				);
				PRODUCT_BUNDLE_IDENTIFIER = com.JennyLi.Parstagram;
				PRODUCT_NAME = "$(TARGET_NAME)";
				SWIFT_VERSION = 4.2;
				TARGETED_DEVICE_FAMILY = "1,2";
			};
			name = Debug;
		};
		6695794F223F084800957233 /* Release */ = {
			isa = XCBuildConfiguration;
			baseConfigurationReference = 8C6BF2BE1CBD28A9822B3829 /* Pods-Parstagram.release.xcconfig */;
			buildSettings = {
				ASSETCATALOG_COMPILER_APPICON_NAME = AppIcon;
				CODE_SIGN_STYLE = Automatic;
				DEVELOPMENT_TEAM = C4CWCQD2SD;
				INFOPLIST_FILE = Parstagram/Info.plist;
				LD_RUNPATH_SEARCH_PATHS = (
					"$(inherited)",
					"@executable_path/Frameworks",
				);
				PRODUCT_BUNDLE_IDENTIFIER = com.JennyLi.Parstagram;
				PRODUCT_NAME = "$(TARGET_NAME)";
				SWIFT_VERSION = 4.2;
				TARGETED_DEVICE_FAMILY = "1,2";
			};
			name = Release;
		};
		66957951223F084800957233 /* Debug */ = {
			isa = XCBuildConfiguration;
			baseConfigurationReference = 7A3920A6982EFACDC84FAF3C /* Pods-ParstagramTests.debug.xcconfig */;
			buildSettings = {
				ALWAYS_EMBED_SWIFT_STANDARD_LIBRARIES = YES;
				BUNDLE_LOADER = "$(TEST_HOST)";
				CODE_SIGN_STYLE = Automatic;
				DEVELOPMENT_TEAM = C4CWCQD2SD;
				INFOPLIST_FILE = ParstagramTests/Info.plist;
				LD_RUNPATH_SEARCH_PATHS = (
					"$(inherited)",
					"@executable_path/Frameworks",
					"@loader_path/Frameworks",
				);
				PRODUCT_BUNDLE_IDENTIFIER = com.JennyLi.ParstagramTests;
				PRODUCT_NAME = "$(TARGET_NAME)";
				SWIFT_VERSION = 4.2;
				TARGETED_DEVICE_FAMILY = "1,2";
				TEST_HOST = "$(BUILT_PRODUCTS_DIR)/Parstagram.app/Parstagram";
			};
			name = Debug;
		};
		66957952223F084800957233 /* Release */ = {
			isa = XCBuildConfiguration;
			baseConfigurationReference = C241F8C2FEC9564F0019C00D /* Pods-ParstagramTests.release.xcconfig */;
			buildSettings = {
				ALWAYS_EMBED_SWIFT_STANDARD_LIBRARIES = YES;
				BUNDLE_LOADER = "$(TEST_HOST)";
				CODE_SIGN_STYLE = Automatic;
				DEVELOPMENT_TEAM = C4CWCQD2SD;
				INFOPLIST_FILE = ParstagramTests/Info.plist;
				LD_RUNPATH_SEARCH_PATHS = (
					"$(inherited)",
					"@executable_path/Frameworks",
					"@loader_path/Frameworks",
				);
				PRODUCT_BUNDLE_IDENTIFIER = com.JennyLi.ParstagramTests;
				PRODUCT_NAME = "$(TARGET_NAME)";
				SWIFT_VERSION = 4.2;
				TARGETED_DEVICE_FAMILY = "1,2";
				TEST_HOST = "$(BUILT_PRODUCTS_DIR)/Parstagram.app/Parstagram";
			};
			name = Release;
		};
		66957954223F084800957233 /* Debug */ = {
			isa = XCBuildConfiguration;
			baseConfigurationReference = 28166B9D854AD7262F07AE8E /* Pods-ParstagramUITests.debug.xcconfig */;
			buildSettings = {
				ALWAYS_EMBED_SWIFT_STANDARD_LIBRARIES = YES;
				CODE_SIGN_STYLE = Automatic;
				DEVELOPMENT_TEAM = C4CWCQD2SD;
				INFOPLIST_FILE = ParstagramUITests/Info.plist;
				LD_RUNPATH_SEARCH_PATHS = (
					"$(inherited)",
					"@executable_path/Frameworks",
					"@loader_path/Frameworks",
				);
				PRODUCT_BUNDLE_IDENTIFIER = com.JennyLi.ParstagramUITests;
				PRODUCT_NAME = "$(TARGET_NAME)";
				SWIFT_VERSION = 4.2;
				TARGETED_DEVICE_FAMILY = "1,2";
				TEST_TARGET_NAME = Parstagram;
			};
			name = Debug;
		};
		66957955223F084800957233 /* Release */ = {
			isa = XCBuildConfiguration;
			baseConfigurationReference = 8BF0EE4AE4E3F58F4BF9D171 /* Pods-ParstagramUITests.release.xcconfig */;
			buildSettings = {
				ALWAYS_EMBED_SWIFT_STANDARD_LIBRARIES = YES;
				CODE_SIGN_STYLE = Automatic;
				DEVELOPMENT_TEAM = C4CWCQD2SD;
				INFOPLIST_FILE = ParstagramUITests/Info.plist;
				LD_RUNPATH_SEARCH_PATHS = (
					"$(inherited)",
					"@executable_path/Frameworks",
					"@loader_path/Frameworks",
				);
				PRODUCT_BUNDLE_IDENTIFIER = com.JennyLi.ParstagramUITests;
				PRODUCT_NAME = "$(TARGET_NAME)";
				SWIFT_VERSION = 4.2;
				TARGETED_DEVICE_FAMILY = "1,2";
				TEST_TARGET_NAME = Parstagram;
			};
			name = Release;
		};
/* End XCBuildConfiguration section */

/* Begin XCConfigurationList section */
		66957920223F084500957233 /* Build configuration list for PBXProject "Parstagram" */ = {
			isa = XCConfigurationList;
			buildConfigurations = (
				6695794B223F084800957233 /* Debug */,
				6695794C223F084800957233 /* Release */,
			);
			defaultConfigurationIsVisible = 0;
			defaultConfigurationName = Release;
		};
		6695794D223F084800957233 /* Build configuration list for PBXNativeTarget "Parstagram" */ = {
			isa = XCConfigurationList;
			buildConfigurations = (
				6695794E223F084800957233 /* Debug */,
				6695794F223F084800957233 /* Release */,
			);
			defaultConfigurationIsVisible = 0;
			defaultConfigurationName = Release;
		};
		66957950223F084800957233 /* Build configuration list for PBXNativeTarget "ParstagramTests" */ = {
			isa = XCConfigurationList;
			buildConfigurations = (
				66957951223F084800957233 /* Debug */,
				66957952223F084800957233 /* Release */,
			);
			defaultConfigurationIsVisible = 0;
			defaultConfigurationName = Release;
		};
		66957953223F084800957233 /* Build configuration list for PBXNativeTarget "ParstagramUITests" */ = {
			isa = XCConfigurationList;
			buildConfigurations = (
				66957954223F084800957233 /* Debug */,
				66957955223F084800957233 /* Release */,
			);
			defaultConfigurationIsVisible = 0;
			defaultConfigurationName = Release;
		};
/* End XCConfigurationList section */
	};
	rootObject = 6695791D223F084500957233 /* Project object */;
}
